// !$*UTF8*$!
{
	archiveVersion = 1;
	classes = {
	};
	objectVersion = 50;
	objects = {

/* Begin PBXBuildFile section */
		509DE053235E351B005C9415 /* AppDelegate.swift in Sources */ = {isa = PBXBuildFile; fileRef = 509DE052235E351B005C9415 /* AppDelegate.swift */; };
		509DE055235E351B005C9415 /* SceneDelegate.swift in Sources */ = {isa = PBXBuildFile; fileRef = 509DE054235E351B005C9415 /* SceneDelegate.swift */; };
		509DE057235E351B005C9415 /* ViewController.swift in Sources */ = {isa = PBXBuildFile; fileRef = 509DE056235E351B005C9415 /* ViewController.swift */; };
		509DE05A235E351B005C9415 /* Main.storyboard in Resources */ = {isa = PBXBuildFile; fileRef = 509DE058235E351B005C9415 /* Main.storyboard */; };
		509DE05D235E351B005C9415 /* Project7_100.xcdatamodeld in Sources */ = {isa = PBXBuildFile; fileRef = 509DE05B235E351B005C9415 /* Project7_100.xcdatamodeld */; };
		509DE05F235E351F005C9415 /* Assets.xcassets in Resources */ = {isa = PBXBuildFile; fileRef = 509DE05E235E351F005C9415 /* Assets.xcassets */; };
		509DE062235E351F005C9415 /* LaunchScreen.storyboard in Resources */ = {isa = PBXBuildFile; fileRef = 509DE060235E351F005C9415 /* LaunchScreen.storyboard */; };
		509DE06D235E3520005C9415 /* Project7_100Tests.swift in Sources */ = {isa = PBXBuildFile; fileRef = 509DE06C235E3520005C9415 /* Project7_100Tests.swift */; };
		509DE078235E475C005C9415 /* Petition.swift in Sources */ = {isa = PBXBuildFile; fileRef = 509DE077235E475C005C9415 /* Petition.swift */; };
		509DE07A235E478C005C9415 /* Petitions.swift in Sources */ = {isa = PBXBuildFile; fileRef = 509DE079235E478C005C9415 /* Petitions.swift */; };
/* End PBXBuildFile section */

/* Begin PBXContainerItemProxy section */
		509DE069235E3520005C9415 /* PBXContainerItemProxy */ = {
			isa = PBXContainerItemProxy;
			containerPortal = 509DE047235E351B005C9415 /* Project object */;
			proxyType = 1;
			remoteGlobalIDString = 509DE04E235E351B005C9415;
			remoteInfo = Project7_100;
		};
/* End PBXContainerItemProxy section */

/* Begin PBXFileReference section */
		509DE04F235E351B005C9415 /* Project7_100.app */ = {isa = PBXFileReference; explicitFileType = wrapper.application; includeInIndex = 0; path = Project7_100.app; sourceTree = BUILT_PRODUCTS_DIR; };
		509DE052235E351B005C9415 /* AppDelegate.swift */ = {isa = PBXFileReference; lastKnownFileType = sourcecode.swift; path = AppDelegate.swift; sourceTree = "<group>"; };
		509DE054235E351B005C9415 /* SceneDelegate.swift */ = {isa = PBXFileReference; lastKnownFileType = sourcecode.swift; path = SceneDelegate.swift; sourceTree = "<group>"; };
		509DE056235E351B005C9415 /* ViewController.swift */ = {isa = PBXFileReference; lastKnownFileType = sourcecode.swift; path = ViewController.swift; sourceTree = "<group>"; };
		509DE059235E351B005C9415 /* Base */ = {isa = PBXFileReference; lastKnownFileType = file.storyboard; name = Base; path = Base.lproj/Main.storyboard; sourceTree = "<group>"; };
		509DE05C235E351B005C9415 /* Project7_100.xcdatamodel */ = {isa = PBXFileReference; lastKnownFileType = wrapper.xcdatamodel; path = Project7_100.xcdatamodel; sourceTree = "<group>"; };
		509DE05E235E351F005C9415 /* Assets.xcassets */ = {isa = PBXFileReference; lastKnownFileType = folder.assetcatalog; path = Assets.xcassets; sourceTree = "<group>"; };
		509DE061235E351F005C9415 /* Base */ = {isa = PBXFileReference; lastKnownFileType = file.storyboard; name = Base; path = Base.lproj/LaunchScreen.storyboard; sourceTree = "<group>"; };
		509DE063235E351F005C9415 /* Info.plist */ = {isa = PBXFileReference; lastKnownFileType = text.plist.xml; path = Info.plist; sourceTree = "<group>"; };
		509DE068235E3520005C9415 /* Project7_100Tests.xctest */ = {isa = PBXFileReference; explicitFileType = wrapper.cfbundle; includeInIndex = 0; path = Project7_100Tests.xctest; sourceTree = BUILT_PRODUCTS_DIR; };
		509DE06C235E3520005C9415 /* Project7_100Tests.swift */ = {isa = PBXFileReference; lastKnownFileType = sourcecode.swift; path = Project7_100Tests.swift; sourceTree = "<group>"; };
		509DE06E235E3520005C9415 /* Info.plist */ = {isa = PBXFileReference; lastKnownFileType = text.plist.xml; path = Info.plist; sourceTree = "<group>"; };
		509DE077235E475C005C9415 /* Petition.swift */ = {isa = PBXFileReference; lastKnownFileType = sourcecode.swift; path = Petition.swift; sourceTree = "<group>"; };
		509DE079235E478C005C9415 /* Petitions.swift */ = {isa = PBXFileReference; lastKnownFileType = sourcecode.swift; path = Petitions.swift; sourceTree = "<group>"; };
/* End PBXFileReference section */

/* Begin PBXFrameworksBuildPhase section */
		509DE04C235E351B005C9415 /* Frameworks */ = {
			isa = PBXFrameworksBuildPhase;
			buildActionMask = 2147483647;
			files = (
			);
			runOnlyForDeploymentPostprocessing = 0;
		};
		509DE065235E3520005C9415 /* Frameworks */ = {
			isa = PBXFrameworksBuildPhase;
			buildActionMask = 2147483647;
			files = (
			);
			runOnlyForDeploymentPostprocessing = 0;
		};
/* End PBXFrameworksBuildPhase section */

/* Begin PBXGroup section */
		509DE046235E351B005C9415 = {
			isa = PBXGroup;
			children = (
				509DE051235E351B005C9415 /* Project7_100 */,
				509DE06B235E3520005C9415 /* Project7_100Tests */,
				509DE050235E351B005C9415 /* Products */,
			);
			sourceTree = "<group>";
		};
		509DE050235E351B005C9415 /* Products */ = {
			isa = PBXGroup;
			children = (
				509DE04F235E351B005C9415 /* Project7_100.app */,
				509DE068235E3520005C9415 /* Project7_100Tests.xctest */,
			);
			name = Products;
			sourceTree = "<group>";
		};
		509DE051235E351B005C9415 /* Project7_100 */ = {
			isa = PBXGroup;
			children = (
				509DE052235E351B005C9415 /* AppDelegate.swift */,
				509DE054235E351B005C9415 /* SceneDelegate.swift */,
				509DE056235E351B005C9415 /* ViewController.swift */,
				509DE077235E475C005C9415 /* Petition.swift */,
				509DE079235E478C005C9415 /* Petitions.swift */,
				509DE058235E351B005C9415 /* Main.storyboard */,
				509DE05E235E351F005C9415 /* Assets.xcassets */,
				509DE060235E351F005C9415 /* LaunchScreen.storyboard */,
				509DE063235E351F005C9415 /* Info.plist */,
				509DE05B235E351B005C9415 /* Project7_100.xcdatamodeld */,
			);
			path = Project7_100;
			sourceTree = "<group>";
		};
		509DE06B235E3520005C9415 /* Project7_100Tests */ = {
			isa = PBXGroup;
			children = (
				509DE06C235E3520005C9415 /* Project7_100Tests.swift */,
				509DE06E235E3520005C9415 /* Info.plist */,
			);
			path = Project7_100Tests;
			sourceTree = "<group>";
		};
/* End PBXGroup section */

/* Begin PBXNativeTarget section */
		509DE04E235E351B005C9415 /* Project7_100 */ = {
			isa = PBXNativeTarget;
			buildConfigurationList = 509DE071235E3520005C9415 /* Build configuration list for PBXNativeTarget "Project7_100" */;
			buildPhases = (
				509DE04B235E351B005C9415 /* Sources */,
				509DE04C235E351B005C9415 /* Frameworks */,
				509DE04D235E351B005C9415 /* Resources */,
			);
			buildRules = (
			);
			dependencies = (
			);
			name = Project7_100;
			productName = Project7_100;
			productReference = 509DE04F235E351B005C9415 /* Project7_100.app */;
			productType = "com.apple.product-type.application";
		};
		509DE067235E3520005C9415 /* Project7_100Tests */ = {
			isa = PBXNativeTarget;
			buildConfigurationList = 509DE074235E3520005C9415 /* Build configuration list for PBXNativeTarget "Project7_100Tests" */;
			buildPhases = (
				509DE064235E3520005C9415 /* Sources */,
				509DE065235E3520005C9415 /* Frameworks */,
				509DE066235E3520005C9415 /* Resources */,
			);
			buildRules = (
			);
			dependencies = (
				509DE06A235E3520005C9415 /* PBXTargetDependency */,
			);
			name = Project7_100Tests;
			productName = Project7_100Tests;
			productReference = 509DE068235E3520005C9415 /* Project7_100Tests.xctest */;
			productType = "com.apple.product-type.bundle.unit-test";
		};
/* End PBXNativeTarget section */

/* Begin PBXProject section */
		509DE047235E351B005C9415 /* Project object */ = {
			isa = PBXProject;
			attributes = {
				LastSwiftUpdateCheck = 1120;
				LastUpgradeCheck = 1120;
				ORGANIZATIONNAME = "Michel Ortega";
				TargetAttributes = {
					509DE04E235E351B005C9415 = {
						CreatedOnToolsVersion = 11.2;
					};
					509DE067235E3520005C9415 = {
						CreatedOnToolsVersion = 11.2;
						TestTargetID = 509DE04E235E351B005C9415;
					};
				};
			};
			buildConfigurationList = 509DE04A235E351B005C9415 /* Build configuration list for PBXProject "Project7_100" */;
			compatibilityVersion = "Xcode 9.3";
			developmentRegion = en;
			hasScannedForEncodings = 0;
			knownRegions = (
				en,
				Base,
			);
			mainGroup = 509DE046235E351B005C9415;
			productRefGroup = 509DE050235E351B005C9415 /* Products */;
			projectDirPath = "";
			projectRoot = "";
			targets = (
				509DE04E235E351B005C9415 /* Project7_100 */,
				509DE067235E3520005C9415 /* Project7_100Tests */,
			);
		};
/* End PBXProject section */

/* Begin PBXResourcesBuildPhase section */
		509DE04D235E351B005C9415 /* Resources */ = {
			isa = PBXResourcesBuildPhase;
			buildActionMask = 2147483647;
			files = (
				509DE062235E351F005C9415 /* LaunchScreen.storyboard in Resources */,
				509DE05F235E351F005C9415 /* Assets.xcassets in Resources */,
				509DE05A235E351B005C9415 /* Main.storyboard in Resources */,
			);
			runOnlyForDeploymentPostprocessing = 0;
		};
		509DE066235E3520005C9415 /* Resources */ = {
			isa = PBXResourcesBuildPhase;
			buildActionMask = 2147483647;
			files = (
			);
			runOnlyForDeploymentPostprocessing = 0;
		};
/* End PBXResourcesBuildPhase section */

/* Begin PBXSourcesBuildPhase section */
		509DE04B235E351B005C9415 /* Sources */ = {
			isa = PBXSourcesBuildPhase;
			buildActionMask = 2147483647;
			files = (
				509DE078235E475C005C9415 /* Petition.swift in Sources */,
				509DE07A235E478C005C9415 /* Petitions.swift in Sources */,
				509DE057235E351B005C9415 /* ViewController.swift in Sources */,
				509DE053235E351B005C9415 /* AppDelegate.swift in Sources */,
				509DE055235E351B005C9415 /* SceneDelegate.swift in Sources */,
				509DE05D235E351B005C9415 /* Project7_100.xcdatamodeld in Sources */,
			);
			runOnlyForDeploymentPostprocessing = 0;
		};
		509DE064235E3520005C9415 /* Sources */ = {
			isa = PBXSourcesBuildPhase;
			buildActionMask = 2147483647;
			files = (
				509DE06D235E3520005C9415 /* Project7_100Tests.swift in Sources */,
			);
			runOnlyForDeploymentPostprocessing = 0;
		};
/* End PBXSourcesBuildPhase section */

/* Begin PBXTargetDependency section */
		509DE06A235E3520005C9415 /* PBXTargetDependency */ = {
			isa = PBXTargetDependency;
			target = 509DE04E235E351B005C9415 /* Project7_100 */;
			targetProxy = 509DE069235E3520005C9415 /* PBXContainerItemProxy */;
		};
/* End PBXTargetDependency section */

/* Begin PBXVariantGroup section */
		509DE058235E351B005C9415 /* Main.storyboard */ = {
			isa = PBXVariantGroup;
			children = (
				509DE059235E351B005C9415 /* Base */,
			);
			name = Main.storyboard;
			sourceTree = "<group>";
		};
		509DE060235E351F005C9415 /* LaunchScreen.storyboard */ = {
			isa = PBXVariantGroup;
			children = (
				509DE061235E351F005C9415 /* Base */,
			);
			name = LaunchScreen.storyboard;
			sourceTree = "<group>";
		};
/* End PBXVariantGroup section */

/* Begin XCBuildConfiguration section */
		509DE06F235E3520005C9415 /* Debug */ = {
			isa = XCBuildConfiguration;
			buildSettings = {
				ALWAYS_SEARCH_USER_PATHS = NO;
				CLANG_ANALYZER_NONNULL = YES;
				CLANG_ANALYZER_NUMBER_OBJECT_CONVERSION = YES_AGGRESSIVE;
				CLANG_CXX_LANGUAGE_STANDARD = "gnu++14";
				CLANG_CXX_LIBRARY = "libc++";
				CLANG_ENABLE_MODULES = YES;
				CLANG_ENABLE_OBJC_ARC = YES;
				CLANG_ENABLE_OBJC_WEAK = YES;
				CLANG_WARN_BLOCK_CAPTURE_AUTORELEASING = YES;
				CLANG_WARN_BOOL_CONVERSION = YES;
				CLANG_WARN_COMMA = YES;
				CLANG_WARN_CONSTANT_CONVERSION = YES;
				CLANG_WARN_DEPRECATED_OBJC_IMPLEMENTATIONS = YES;
				CLANG_WARN_DIRECT_OBJC_ISA_USAGE = YES_ERROR;
				CLANG_WARN_DOCUMENTATION_COMMENTS = YES;
				CLANG_WARN_EMPTY_BODY = YES;
				CLANG_WARN_ENUM_CONVERSION = YES;
				CLANG_WARN_INFINITE_RECURSION = YES;
				CLANG_WARN_INT_CONVERSION = YES;
				CLANG_WARN_NON_LITERAL_NULL_CONVERSION = YES;
				CLANG_WARN_OBJC_IMPLICIT_RETAIN_SELF = YES;
				CLANG_WARN_OBJC_LITERAL_CONVERSION = YES;
				CLANG_WARN_OBJC_ROOT_CLASS = YES_ERROR;
				CLANG_WARN_RANGE_LOOP_ANALYSIS = YES;
				CLANG_WARN_STRICT_PROTOTYPES = YES;
				CLANG_WARN_SUSPICIOUS_MOVE = YES;
				CLANG_WARN_UNGUARDED_AVAILABILITY = YES_AGGRESSIVE;
				CLANG_WARN_UNREACHABLE_CODE = YES;
				CLANG_WARN__DUPLICATE_METHOD_MATCH = YES;
				COPY_PHASE_STRIP = NO;
				DEBUG_INFORMATION_FORMAT = dwarf;
				ENABLE_STRICT_OBJC_MSGSEND = YES;
				ENABLE_TESTABILITY = YES;
				GCC_C_LANGUAGE_STANDARD = gnu11;
				GCC_DYNAMIC_NO_PIC = NO;
				GCC_NO_COMMON_BLOCKS = YES;
				GCC_OPTIMIZATION_LEVEL = 0;
				GCC_PREPROCESSOR_DEFINITIONS = (
					"DEBUG=1",
					"$(inherited)",
				);
				GCC_WARN_64_TO_32_BIT_CONVERSION = YES;
				GCC_WARN_ABOUT_RETURN_TYPE = YES_ERROR;
				GCC_WARN_UNDECLARED_SELECTOR = YES;
				GCC_WARN_UNINITIALIZED_AUTOS = YES_AGGRESSIVE;
				GCC_WARN_UNUSED_FUNCTION = YES;
				GCC_WARN_UNUSED_VARIABLE = YES;
				IPHONEOS_DEPLOYMENT_TARGET = 13.2;
				MTL_ENABLE_DEBUG_INFO = INCLUDE_SOURCE;
				MTL_FAST_MATH = YES;
				ONLY_ACTIVE_ARCH = YES;
				SDKROOT = iphoneos;
				SWIFT_ACTIVE_COMPILATION_CONDITIONS = DEBUG;
				SWIFT_OPTIMIZATION_LEVEL = "-Onone";
			};
			name = Debug;
		};
		509DE070235E3520005C9415 /* Release */ = {
			isa = XCBuildConfiguration;
			buildSettings = {
				ALWAYS_SEARCH_USER_PATHS = NO;
				CLANG_ANALYZER_NONNULL = YES;
				CLANG_ANALYZER_NUMBER_OBJECT_CONVERSION = YES_AGGRESSIVE;
				CLANG_CXX_LANGUAGE_STANDARD = "gnu++14";
				CLANG_CXX_LIBRARY = "libc++";
				CLANG_ENABLE_MODULES = YES;
				CLANG_ENABLE_OBJC_ARC = YES;
				CLANG_ENABLE_OBJC_WEAK = YES;
				CLANG_WARN_BLOCK_CAPTURE_AUTORELEASING = YES;
				CLANG_WARN_BOOL_CONVERSION = YES;
				CLANG_WARN_COMMA = YES;
				CLANG_WARN_CONSTANT_CONVERSION = YES;
				CLANG_WARN_DEPRECATED_OBJC_IMPLEMENTATIONS = YES;
				CLANG_WARN_DIRECT_OBJC_ISA_USAGE = YES_ERROR;
				CLANG_WARN_DOCUMENTATION_COMMENTS = YES;
				CLANG_WARN_EMPTY_BODY = YES;
				CLANG_WARN_ENUM_CONVERSION = YES;
				CLANG_WARN_INFINITE_RECURSION = YES;
				CLANG_WARN_INT_CONVERSION = YES;
				CLANG_WARN_NON_LITERAL_NULL_CONVERSION = YES;
				CLANG_WARN_OBJC_IMPLICIT_RETAIN_SELF = YES;
				CLANG_WARN_OBJC_LITERAL_CONVERSION = YES;
				CLANG_WARN_OBJC_ROOT_CLASS = YES_ERROR;
				CLANG_WARN_RANGE_LOOP_ANALYSIS = YES;
				CLANG_WARN_STRICT_PROTOTYPES = YES;
				CLANG_WARN_SUSPICIOUS_MOVE = YES;
				CLANG_WARN_UNGUARDED_AVAILABILITY = YES_AGGRESSIVE;
				CLANG_WARN_UNREACHABLE_CODE = YES;
				CLANG_WARN__DUPLICATE_METHOD_MATCH = YES;
				COPY_PHASE_STRIP = NO;
				DEBUG_INFORMATION_FORMAT = "dwarf-with-dsym";
				ENABLE_NS_ASSERTIONS = NO;
				ENABLE_STRICT_OBJC_MSGSEND = YES;
				GCC_C_LANGUAGE_STANDARD = gnu11;
				GCC_NO_COMMON_BLOCKS = YES;
				GCC_WARN_64_TO_32_BIT_CONVERSION = YES;
				GCC_WARN_ABOUT_RETURN_TYPE = YES_ERROR;
				GCC_WARN_UNDECLARED_SELECTOR = YES;
				GCC_WARN_UNINITIALIZED_AUTOS = YES_AGGRESSIVE;
				GCC_WARN_UNUSED_FUNCTION = YES;
				GCC_WARN_UNUSED_VARIABLE = YES;
				IPHONEOS_DEPLOYMENT_TARGET = 13.2;
				MTL_ENABLE_DEBUG_INFO = NO;
				MTL_FAST_MATH = YES;
				SDKROOT = iphoneos;
				SWIFT_COMPILATION_MODE = wholemodule;
				SWIFT_OPTIMIZATION_LEVEL = "-O";
				VALIDATE_PRODUCT = YES;
			};
			name = Release;
		};
		509DE072235E3520005C9415 /* Debug */ = {
			isa = XCBuildConfiguration;
			buildSettings = {
				ASSETCATALOG_COMPILER_APPICON_NAME = AppIcon;
				CODE_SIGN_STYLE = Automatic;
				DEVELOPMENT_TEAM = WU95R9B238;
				INFOPLIST_FILE = Project7_100/Info.plist;
				LD_RUNPATH_SEARCH_PATHS = (
					"$(inherited)",
					"@executable_path/Frameworks",
				);
				PRODUCT_BUNDLE_IDENTIFIER = "com.coolnerdcool.Project7-100";
				PRODUCT_NAME = "$(TARGET_NAME)";
				SWIFT_VERSION = 5.0;
				TARGETED_DEVICE_FAMILY = "1,2";
			};
			name = Debug;
		};
		509DE073235E3520005C9415 /* Release */ = {
			isa = XCBuildConfiguration;
			buildSettings = {
				ASSETCATALOG_COMPILER_APPICON_NAME = AppIcon;
				CODE_SIGN_STYLE = Automatic;
				DEVELOPMENT_TEAM = WU95R9B238;
				INFOPLIST_FILE = Project7_100/Info.plist;
				LD_RUNPATH_SEARCH_PATHS = (
					"$(inherited)",
					"@executable_path/Frameworks",
				);
				PRODUCT_BUNDLE_IDENTIFIER = "com.coolnerdcool.Project7-100";
				PRODUCT_NAME = "$(TARGET_NAME)";
				SWIFT_VERSION = 5.0;
				TARGETED_DEVICE_FAMILY = "1,2";
			};
			name = Release;
		};
		509DE075235E3520005C9415 /* Debug */ = {
			isa = XCBuildConfiguration;
			buildSettings = {
				ALWAYS_EMBED_SWIFT_STANDARD_LIBRARIES = YES;
				BUNDLE_LOADER = "$(TEST_HOST)";
				CODE_SIGN_STYLE = Automatic;
				DEVELOPMENT_TEAM = WU95R9B238;
				INFOPLIST_FILE = Project7_100Tests/Info.plist;
				IPHONEOS_DEPLOYMENT_TARGET = 13.2;
				LD_RUNPATH_SEARCH_PATHS = (
					"$(inherited)",
					"@executable_path/Frameworks",
					"@loader_path/Frameworks",
				);
				PRODUCT_BUNDLE_IDENTIFIER = "com.coolnerdcool.Project7-100Tests";
				PRODUCT_NAME = "$(TARGET_NAME)";
				SWIFT_VERSION = 5.0;
				TARGETED_DEVICE_FAMILY = "1,2";
				TEST_HOST = "$(BUILT_PRODUCTS_DIR)/Project7_100.app/Project7_100";
			};
			name = Debug;
		};
		509DE076235E3520005C9415 /* Release */ = {
			isa = XCBuildConfiguration;
			buildSettings = {
				ALWAYS_EMBED_SWIFT_STANDARD_LIBRARIES = YES;
				BUNDLE_LOADER = "$(TEST_HOST)";
				CODE_SIGN_STYLE = Automatic;
				DEVELOPMENT_TEAM = WU95R9B238;
				INFOPLIST_FILE = Project7_100Tests/Info.plist;
				IPHONEOS_DEPLOYMENT_TARGET = 13.2;
				LD_RUNPATH_SEARCH_PATHS = (
					"$(inherited)",
					"@executable_path/Frameworks",
					"@loader_path/Frameworks",
				);
				PRODUCT_BUNDLE_IDENTIFIER = "com.coolnerdcool.Project7-100Tests";
				PRODUCT_NAME = "$(TARGET_NAME)";
				SWIFT_VERSION = 5.0;
				TARGETED_DEVICE_FAMILY = "1,2";
				TEST_HOST = "$(BUILT_PRODUCTS_DIR)/Project7_100.app/Project7_100";
			};
			name = Release;
		};
/* End XCBuildConfiguration section */

/* Begin XCConfigurationList section */
		509DE04A235E351B005C9415 /* Build configuration list for PBXProject "Project7_100" */ = {
			isa = XCConfigurationList;
			buildConfigurations = (
				509DE06F235E3520005C9415 /* Debug */,
				509DE070235E3520005C9415 /* Release */,
			);
			defaultConfigurationIsVisible = 0;
			defaultConfigurationName = Release;
		};
		509DE071235E3520005C9415 /* Build configuration list for PBXNativeTarget "Project7_100" */ = {
			isa = XCConfigurationList;
			buildConfigurations = (
				509DE072235E3520005C9415 /* Debug */,
				509DE073235E3520005C9415 /* Release */,
			);
			defaultConfigurationIsVisible = 0;
			defaultConfigurationName = Release;
		};
		509DE074235E3520005C9415 /* Build configuration list for PBXNativeTarget "Project7_100Tests" */ = {
			isa = XCConfigurationList;
			buildConfigurations = (
				509DE075235E3520005C9415 /* Debug */,
				509DE076235E3520005C9415 /* Release */,
			);
			defaultConfigurationIsVisible = 0;
			defaultConfigurationName = Release;
		};
/* End XCConfigurationList section */

/* Begin XCVersionGroup section */
		509DE05B235E351B005C9415 /* Project7_100.xcdatamodeld */ = {
			isa = XCVersionGroup;
			children = (
				509DE05C235E351B005C9415 /* Project7_100.xcdatamodel */,
			);
			currentVersion = 509DE05C235E351B005C9415 /* Project7_100.xcdatamodel */;
			path = Project7_100.xcdatamodeld;
			sourceTree = "<group>";
			versionGroupType = wrapper.xcdatamodel;
		};
/* End XCVersionGroup section */
	};
	rootObject = 509DE047235E351B005C9415 /* Project object */;
}
